
Microsoft Visual Studio Solution File, Format Version 12.00
# Visual Studio Version 17
VisualStudioVersion = 17.4.33122.133
MinimumVisualStudioVersion = 10.0.40219.1
Project("{9A19103F-16F7-4668-BE54-9A1E7A4F7556}") = "CA.RoadReady.Domain", "CA.RoadReady.Domain\CA.RoadReady.Domain.csproj", "{A17B2FD1-F65F-4D2F-BCC6-7B1C5C57B749}"
EndProject
Project("{9A19103F-16F7-4668-BE54-9A1E7A4F7556}") = "CA.RoadReady.Application", "CA.RoadReady.Application\CA.RoadReady.Application.csproj", "{AE7899F5-1E6E-4012-8D01-34E719562C41}"
EndProject
Project("{9A19103F-16F7-4668-BE54-9A1E7A4F7556}") = "CA.RoadReady.Infrastructure", "CA.RoadReady.Infrastructure\CA.RoadReady.Infrastructure.csproj", "{6DAEB560-7E55-4930-917B-56398902EEE2}"
EndProject
Project("{FAE04EC0-301F-11D3-BF4B-00C04F79EFBC}") = "CA.RoadReady.Api", "CA.RoadReady.API\CA.RoadReady.Api.csproj", "{2A98B4B3-508C-4814-B3B5-5DA181E98741}"
EndProject
Global
	GlobalSection(SolutionConfigurationPlatforms) = preSolution
		Debug|Any CPU = Debug|Any CPU
		Release|Any CPU = Release|Any CPU
	EndGlobalSection
	GlobalSection(ProjectConfigurationPlatforms) = postSolution
		{A17B2FD1-F65F-4D2F-BCC6-7B1C5C57B749}.Debug|Any CPU.ActiveCfg = Debug|Any CPU
		{A17B2FD1-F65F-4D2F-BCC6-7B1C5C57B749}.Debug|Any CPU.Build.0 = Debug|Any CPU
		{A17B2FD1-F65F-4D2F-BCC6-7B1C5C57B749}.Release|Any CPU.ActiveCfg = Release|Any CPU
		{A17B2FD1-F65F-4D2F-BCC6-7B1C5C57B749}.Release|Any CPU.Build.0 = Release|Any CPU
		{AE7899F5-1E6E-4012-8D01-34E719562C41}.Debug|Any CPU.ActiveCfg = Debug|Any CPU
		{AE7899F5-1E6E-4012-8D01-34E719562C41}.Debug|Any CPU.Build.0 = Debug|Any CPU
		{AE7899F5-1E6E-4012-8D01-34E719562C41}.Release|Any CPU.ActiveCfg = Release|Any CPU
		{AE7899F5-1E6E-4012-8D01-34E719562C41}.Release|Any CPU.Build.0 = Release|Any CPU
		{6DAEB560-7E55-4930-917B-56398902EEE2}.Debug|Any CPU.ActiveCfg = Debug|Any CPU
		{6DAEB560-7E55-4930-917B-56398902EEE2}.Debug|Any CPU.Build.0 = Debug|Any CPU
		{6DAEB560-7E55-4930-917B-56398902EEE2}.Release|Any CPU.ActiveCfg = Release|Any CPU
		{6DAEB560-7E55-4930-917B-56398902EEE2}.Release|Any CPU.Build.0 = Release|Any CPU
		{2A98B4B3-508C-4814-B3B5-5DA181E98741}.Debug|Any CPU.ActiveCfg = Debug|Any CPU
		{2A98B4B3-508C-4814-B3B5-5DA181E98741}.Debug|Any CPU.Build.0 = Debug|Any CPU
		{2A98B4B3-508C-4814-B3B5-5DA181E98741}.Release|Any CPU.ActiveCfg = Release|Any CPU
		{2A98B4B3-508C-4814-B3B5-5DA181E98741}.Release|Any CPU.Build.0 = Release|Any CPU
	EndGlobalSection
	GlobalSection(SolutionProperties) = preSolution
		HideSolutionNode = FALSE
	EndGlobalSection
	GlobalSection(ExtensibilityGlobals) = postSolution
		SolutionGuid = {8DF6F9BF-5973-43E3-AABF-6B9F2CCDC194}
	EndGlobalSection
EndGlobal
